# THIS IS AN AUTOGENERATED FILE. DO NOT EDIT THIS FILE DIRECTLY.
# yarn lockfile v1


dotenv@^16.4.1:
  version "16.4.2"
  resolved "https://registry.yarnpkg.com/dotenv/-/dotenv-16.4.2.tgz#7ca798f89ae2011846bbdbf6470785307754120d"
  integrity sha512-rZSSFxke7d9nYQ5NeMIwp5PP+f8wXgKNljpOb7KtH6SKW1cEqcXAz9VSJYVLKe7Jhup/gUYOkaeSVyK8GJ+nBg==

react-native-dotenv@^3.4.10:
  version "3.4.10"
  resolved "https://registry.yarnpkg.com/react-native-dotenv/-/react-native-dotenv-3.4.10.tgz#b7142f50fa72d1ad5b9ae8064d4e486b774b30f2"
  integrity sha512-GADCAx3qJ9pjnRYMzQVliTnQto5W+38qoQyZGvo4snTv08cT/EQ7/2iyuwVPd/jms1rzVSra5QC/F+lbNWOAKQ==
  dependencies:
    dotenv "^16.4.1"
